
Microsoft Visual Studio Solution File, Format Version 12.00
# Visual Studio Version 16
VisualStudioVersion = 16.0.30011.22
MinimumVisualStudioVersion = 10.0.40219.1
Project("{FAE04EC0-301F-11D3-BF4B-00C04F79EFBC}") = "Lab4ex4", "Lab4ex4\Lab4ex4.csproj", "{FC3E4496-F0BD-4E3E-A76E-10F9C79DDEF7}"
EndProject
Global
	GlobalSection(SolutionConfigurationPlatforms) = preSolution
		Debug|Any CPU = Debug|Any CPU
		Release|Any CPU = Release|Any CPU
	EndGlobalSection
	GlobalSection(ProjectConfigurationPlatforms) = postSolution
		{FC3E4496-F0BD-4E3E-A76E-10F9C79DDEF7}.Debug|Any CPU.ActiveCfg = Debug|Any CPU
		{FC3E4496-F0BD-4E3E-A76E-10F9C79DDEF7}.Debug|Any CPU.Build.0 = Debug|Any CPU
		{FC3E4496-F0BD-4E3E-A76E-10F9C79DDEF7}.Release|Any CPU.ActiveCfg = Release|Any CPU
		{FC3E4496-F0BD-4E3E-A76E-10F9C79DDEF7}.Release|Any CPU.Build.0 = Release|Any CPU
	EndGlobalSection
	GlobalSection(SolutionProperties) = preSolution
		HideSolutionNode = FALSE
	EndGlobalSection
	GlobalSection(ExtensibilityGlobals) = postSolution
		SolutionGuid = {B400AF06-C787-4B0C-AAD0-D00CC9F46402}
	EndGlobalSection
EndGlobal
